
Microsoft Visual Studio Solution File, Format Version 12.00
# Visual Studio Version 17
VisualStudioVersion = 17.14.36414.22 d17.14
MinimumVisualStudioVersion = 10.0.40219.1
Project("{FAE04EC0-301F-11D3-BF4B-00C04F79EFBC}") = "lift_simulator", "lift_simulator\lift_simulator.csproj", "{43EEBED8-D72B-45E2-AD5D-39AD2D7DB33E}"
EndProject
Global
	GlobalSection(SolutionConfigurationPlatforms) = preSolution
		Debug|Any CPU = Debug|Any CPU
		Release|Any CPU = Release|Any CPU
	EndGlobalSection
	GlobalSection(ProjectConfigurationPlatforms) = postSolution
		{43EEBED8-D72B-45E2-AD5D-39AD2D7DB33E}.Debug|Any CPU.ActiveCfg = Debug|Any CPU
		{43EEBED8-D72B-45E2-AD5D-39AD2D7DB33E}.Debug|Any CPU.Build.0 = Debug|Any CPU
		{43EEBED8-D72B-45E2-AD5D-39AD2D7DB33E}.Release|Any CPU.ActiveCfg = Release|Any CPU
		{43EEBED8-D72B-45E2-AD5D-39AD2D7DB33E}.Release|Any CPU.Build.0 = Release|Any CPU
	EndGlobalSection
	GlobalSection(SolutionProperties) = preSolution
		HideSolutionNode = FALSE
	EndGlobalSection
	GlobalSection(ExtensibilityGlobals) = postSolution
		SolutionGuid = {35E452B2-C255-4139-80E1-A9D2FA220259}
	EndGlobalSection
EndGlobal
